using System;
using System.IO;

class Program
{
    static void Main()
    {
        // Kutsume välja meetodid failide loomiseks ja manipuleerimiseks
        CreateFileOnDesktop();
        CreateAndWriteToFile();
        CreateFileWithFakeURL();
    }

    // Meetod, mis loob faili töölauale
    static void CreateFileOnDesktop()
    {
        string desktopPath = Environment.GetFolderPath(Environment.SpecialFolder.Desktop);
        string filePath = Path.Combine(desktopPath, "fail1.txt");

        File.Create(filePath);
        Console.WriteLine("Fail fail1.txt on loodud töölauale.");
    }

    // Meetod, mis loob faili ja kirjutab sinna sisu
    static void CreateAndWriteToFile()
    {
        string desktopPath = Environment.GetFolderPath(Environment.SpecialFolder.Desktop);
        string filePath = Path.Combine(desktopPath, "fail2.txt");

        using (StreamWriter writer = File.CreateText(filePath))
        {
            writer.WriteLine("See on faili sisu.");
        }

        Console.WriteLine("Fail fail2.txt on loodud töölauale ja sinna on kirjutatud sisu.");
    }

    // Meetod, mis loob faili ja lisab faili URL-i, kus seda tegelikult ei ole
    static void CreateFileWithFakeURL()
    {
        string desktopPath = Environment.GetFolderPath(Environment.SpecialFolder.Desktop);
        string filePath = Path.Combine(desktopPath, "fail3.txt");

        string fakeURL = "https://example.com/fail3.txt";
        using (StreamWriter writer = File.CreateText(filePath))
        {
            writer.WriteLine(fakeURL);
        }

        Console.WriteLine("Fail fail3.txt on loodud töölauale ja sinna on kirjutatud vale URL.");
    }
}
